
Microsoft Visual Studio Solution File, Format Version 12.00
# Visual Studio Version 17
VisualStudioVersion = 17.10.35013.160
MinimumVisualStudioVersion = 10.0.40219.1
Project("{FAE04EC0-301F-11D3-BF4B-00C04F79EFBC}") = "VehiculosAPI", "VehiculosAPI.csproj", "{F7410B14-8F0B-4750-AFA6-F7375A72FBAE}"
EndProject
Global
	GlobalSection(SolutionConfigurationPlatforms) = preSolution
		Debug|Any CPU = Debug|Any CPU
		Release|Any CPU = Release|Any CPU
	EndGlobalSection
	GlobalSection(ProjectConfigurationPlatforms) = postSolution
		{F7410B14-8F0B-4750-AFA6-F7375A72FBAE}.Debug|Any CPU.ActiveCfg = Debug|Any CPU
		{F7410B14-8F0B-4750-AFA6-F7375A72FBAE}.Debug|Any CPU.Build.0 = Debug|Any CPU
		{F7410B14-8F0B-4750-AFA6-F7375A72FBAE}.Release|Any CPU.ActiveCfg = Release|Any CPU
		{F7410B14-8F0B-4750-AFA6-F7375A72FBAE}.Release|Any CPU.Build.0 = Release|Any CPU
	EndGlobalSection
	GlobalSection(SolutionProperties) = preSolution
		HideSolutionNode = FALSE
	EndGlobalSection
	GlobalSection(ExtensibilityGlobals) = postSolution
		SolutionGuid = {B7ADF938-73EA-4412-9C71-A744102F1712}
	EndGlobalSection
EndGlobal
